
Microsoft Visual Studio Solution File, Format Version 12.00
# Visual Studio Version 16
VisualStudioVersion = 16.0.810.20
MinimumVisualStudioVersion = 10.0.40219.1
Project("{2150E333-8FDC-42A3-9474-1A3956D46DE8}") = "Problem-1", "Problem-1", "{FED472D1-A7EA-4122-A3B6-5E7EFFE21251}"
EndProject
Project("{2150E333-8FDC-42A3-9474-1A3956D46DE8}") = "Problem-3", "Problem-3", "{7FDAFAC7-192E-4990-8DC2-514ABADFA653}"
EndProject
Project("{FAE04EC0-301F-11D3-BF4B-00C04F79EFBC}") = "P1", "Problem-1\P1.Solution\P1.csproj", "{05FAFB66-9182-4A7E-AD3D-FACD0D98F627}"
EndProject
Project("{FAE04EC0-301F-11D3-BF4B-00C04F79EFBC}") = "P1.Test", "Problem-1\P1.Test\P1.Test.csproj", "{7E33B358-546B-4CB9-97C2-025F98244D82}"
EndProject
Project("{FAE04EC0-301F-11D3-BF4B-00C04F79EFBC}") = "P3", "Problem-3\P3.Solution\P3.csproj", "{B22CE291-A21F-4CD3-87FC-9F7279AEAC5C}"
EndProject
Project("{FAE04EC0-301F-11D3-BF4B-00C04F79EFBC}") = "P3.Test", "Problem-3\P3.Test\P3.Test.csproj", "{AED1CD25-BE2B-409F-B57E-5EF06356D59A}"
EndProject
Project("{2150E333-8FDC-42A3-9474-1A3956D46DE8}") = "Problem-2", "Problem-2", "{E32A3BB5-C4E3-47DF-989E-578F10D94F65}"
EndProject
Project("{FAE04EC0-301F-11D3-BF4B-00C04F79EFBC}") = "P2", "Problem-2\P2.Solution\P2.csproj", "{993ADE49-F572-4B09-9CD0-75E8F3D67163}"
EndProject
Project("{FAE04EC0-301F-11D3-BF4B-00C04F79EFBC}") = "P2.Test", "Problem-2\P2.Test\P2.Test.csproj", "{092A1BDD-4570-42B5-8CC5-670C0FC6AFF8}"
EndProject
Global
	GlobalSection(SolutionConfigurationPlatforms) = preSolution
		Debug|Any CPU = Debug|Any CPU
		Release|Any CPU = Release|Any CPU
	EndGlobalSection
	GlobalSection(ProjectConfigurationPlatforms) = postSolution
		{05FAFB66-9182-4A7E-AD3D-FACD0D98F627}.Debug|Any CPU.ActiveCfg = Debug|Any CPU
		{05FAFB66-9182-4A7E-AD3D-FACD0D98F627}.Debug|Any CPU.Build.0 = Debug|Any CPU
		{05FAFB66-9182-4A7E-AD3D-FACD0D98F627}.Release|Any CPU.ActiveCfg = Release|Any CPU
		{05FAFB66-9182-4A7E-AD3D-FACD0D98F627}.Release|Any CPU.Build.0 = Release|Any CPU
		{7E33B358-546B-4CB9-97C2-025F98244D82}.Debug|Any CPU.ActiveCfg = Debug|Any CPU
		{7E33B358-546B-4CB9-97C2-025F98244D82}.Debug|Any CPU.Build.0 = Debug|Any CPU
		{7E33B358-546B-4CB9-97C2-025F98244D82}.Release|Any CPU.ActiveCfg = Release|Any CPU
		{7E33B358-546B-4CB9-97C2-025F98244D82}.Release|Any CPU.Build.0 = Release|Any CPU
		{B22CE291-A21F-4CD3-87FC-9F7279AEAC5C}.Debug|Any CPU.ActiveCfg = Debug|Any CPU
		{B22CE291-A21F-4CD3-87FC-9F7279AEAC5C}.Debug|Any CPU.Build.0 = Debug|Any CPU
		{B22CE291-A21F-4CD3-87FC-9F7279AEAC5C}.Release|Any CPU.ActiveCfg = Release|Any CPU
		{B22CE291-A21F-4CD3-87FC-9F7279AEAC5C}.Release|Any CPU.Build.0 = Release|Any CPU
		{AED1CD25-BE2B-409F-B57E-5EF06356D59A}.Debug|Any CPU.ActiveCfg = Debug|Any CPU
		{AED1CD25-BE2B-409F-B57E-5EF06356D59A}.Debug|Any CPU.Build.0 = Debug|Any CPU
		{AED1CD25-BE2B-409F-B57E-5EF06356D59A}.Release|Any CPU.ActiveCfg = Release|Any CPU
		{AED1CD25-BE2B-409F-B57E-5EF06356D59A}.Release|Any CPU.Build.0 = Release|Any CPU
		{993ADE49-F572-4B09-9CD0-75E8F3D67163}.Debug|Any CPU.ActiveCfg = Debug|Any CPU
		{993ADE49-F572-4B09-9CD0-75E8F3D67163}.Debug|Any CPU.Build.0 = Debug|Any CPU
		{993ADE49-F572-4B09-9CD0-75E8F3D67163}.Release|Any CPU.ActiveCfg = Release|Any CPU
		{993ADE49-F572-4B09-9CD0-75E8F3D67163}.Release|Any CPU.Build.0 = Release|Any CPU
		{092A1BDD-4570-42B5-8CC5-670C0FC6AFF8}.Debug|Any CPU.ActiveCfg = Debug|Any CPU
		{092A1BDD-4570-42B5-8CC5-670C0FC6AFF8}.Debug|Any CPU.Build.0 = Debug|Any CPU
		{092A1BDD-4570-42B5-8CC5-670C0FC6AFF8}.Release|Any CPU.ActiveCfg = Release|Any CPU
		{092A1BDD-4570-42B5-8CC5-670C0FC6AFF8}.Release|Any CPU.Build.0 = Release|Any CPU
	EndGlobalSection
	GlobalSection(SolutionProperties) = preSolution
		HideSolutionNode = FALSE
	EndGlobalSection
	GlobalSection(ExtensibilityGlobals) = postSolution
		SolutionGuid = {11C607F0-4F18-469F-9C05-4E77CC0AB2EA}
	EndGlobalSection
	GlobalSection(NestedProjects) = preSolution
		{05FAFB66-9182-4A7E-AD3D-FACD0D98F627} = {FED472D1-A7EA-4122-A3B6-5E7EFFE21251}
		{7E33B358-546B-4CB9-97C2-025F98244D82} = {FED472D1-A7EA-4122-A3B6-5E7EFFE21251}
		{B22CE291-A21F-4CD3-87FC-9F7279AEAC5C} = {7FDAFAC7-192E-4990-8DC2-514ABADFA653}
		{AED1CD25-BE2B-409F-B57E-5EF06356D59A} = {7FDAFAC7-192E-4990-8DC2-514ABADFA653}
		{993ADE49-F572-4B09-9CD0-75E8F3D67163} = {E32A3BB5-C4E3-47DF-989E-578F10D94F65}
		{092A1BDD-4570-42B5-8CC5-670C0FC6AFF8} = {E32A3BB5-C4E3-47DF-989E-578F10D94F65}
	EndGlobalSection
EndGlobal
